PODS:
  - Alamofire (4.8.1)
  - Leanplum-iOS-SDK (2.4.0)
  - Moya (12.0.1):
    - Moya/Core (= 12.0.1)
  - Moya/Core (12.0.1):
    - Alamofire (~> 4.1)
    - Result (~> 4.0)
  - Result (4.1.0)

DEPENDENCIES:
  - Leanplum-iOS-SDK (= 2.4.0)
  - Moya

SPEC REPOS:
  https://github.com/cocoapods/specs.git:
    - Alamofire
    - Leanplum-iOS-SDK
    - Moya
    - Result

SPEC CHECKSUMS:
  Alamofire: 16ce2c353fb72865124ddae8a57c5942388f4f11
  Leanplum-iOS-SDK: 89c5fd71c4c553ef408f9b9f15f778fb2c6f7ab2
  Moya: cf730b3cd9e005401ef37a85143aa141a12fd38f
  Result: bd966fac789cc6c1563440b348ab2598cc24d5c7

PODFILE CHECKSUM: 0b89d457fe38aa85192e5b7367c80622b955cfdc

COCOAPODS: 1.6.1
